
Microsoft Visual Studio Solution File, Format Version 12.00
# Visual Studio Version 17
VisualStudioVersion = 17.1.32210.238
MinimumVisualStudioVersion = 10.0.40219.1
Project("{9A19103F-16F7-4668-BE54-9A1E7A4F7556}") = "API", "API\API.csproj", "{A3824664-1918-40F3-AD9C-D94F81612D3F}"
EndProject
Project("{9A19103F-16F7-4668-BE54-9A1E7A4F7556}") = "Core", "Core\Core.csproj", "{5B7EB761-7F4A-45F0-984A-99CF641DFEAE}"
EndProject
Project("{9A19103F-16F7-4668-BE54-9A1E7A4F7556}") = "Infrastructure", "Infrastructure\Infrastructure.csproj", "{67A42372-5D0D-4697-AF26-53CECA6ED1E7}"
EndProject
Project("{2150E333-8FDC-42A3-9474-1A3956D46DE8}") = "Solution Items", "Solution Items", "{B2812F3C-A856-481E-A4DE-F3C0A927FF6C}"
	ProjectSection(SolutionItems) = preProject
		.filenesting.json = .filenesting.json
	EndProjectSection
EndProject
Global
	GlobalSection(SolutionConfigurationPlatforms) = preSolution
		Debug|Any CPU = Debug|Any CPU
		Release|Any CPU = Release|Any CPU
	EndGlobalSection
	GlobalSection(ProjectConfigurationPlatforms) = postSolution
		{A3824664-1918-40F3-AD9C-D94F81612D3F}.Debug|Any CPU.ActiveCfg = Debug|Any CPU
		{A3824664-1918-40F3-AD9C-D94F81612D3F}.Debug|Any CPU.Build.0 = Debug|Any CPU
		{A3824664-1918-40F3-AD9C-D94F81612D3F}.Release|Any CPU.ActiveCfg = Release|Any CPU
		{A3824664-1918-40F3-AD9C-D94F81612D3F}.Release|Any CPU.Build.0 = Release|Any CPU
		{5B7EB761-7F4A-45F0-984A-99CF641DFEAE}.Debug|Any CPU.ActiveCfg = Debug|Any CPU
		{5B7EB761-7F4A-45F0-984A-99CF641DFEAE}.Debug|Any CPU.Build.0 = Debug|Any CPU
		{5B7EB761-7F4A-45F0-984A-99CF641DFEAE}.Release|Any CPU.ActiveCfg = Release|Any CPU
		{5B7EB761-7F4A-45F0-984A-99CF641DFEAE}.Release|Any CPU.Build.0 = Release|Any CPU
		{67A42372-5D0D-4697-AF26-53CECA6ED1E7}.Debug|Any CPU.ActiveCfg = Debug|Any CPU
		{67A42372-5D0D-4697-AF26-53CECA6ED1E7}.Debug|Any CPU.Build.0 = Debug|Any CPU
		{67A42372-5D0D-4697-AF26-53CECA6ED1E7}.Release|Any CPU.ActiveCfg = Release|Any CPU
		{67A42372-5D0D-4697-AF26-53CECA6ED1E7}.Release|Any CPU.Build.0 = Release|Any CPU
	EndGlobalSection
	GlobalSection(SolutionProperties) = preSolution
		HideSolutionNode = FALSE
	EndGlobalSection
	GlobalSection(ExtensibilityGlobals) = postSolution
		SolutionGuid = {F4F5F2E4-BA90-45CC-A1E2-A0DF6D489E8F}
	EndGlobalSection
EndGlobal
